
Microsoft Visual Studio Solution File, Format Version 12.00
# Visual Studio Version 17
VisualStudioVersion = 17.13.35919.96 d17.13
MinimumVisualStudioVersion = 10.0.40219.1
Project("{FAE04EC0-301F-11D3-BF4B-00C04F79EFBC}") = "FacadeEj", "FacadeEj\FacadeEj.csproj", "{6CC63AAB-D02A-417C-A530-FAFB8C7503A8}"
EndProject
Global
	GlobalSection(SolutionConfigurationPlatforms) = preSolution
		Debug|Any CPU = Debug|Any CPU
		Release|Any CPU = Release|Any CPU
	EndGlobalSection
	GlobalSection(ProjectConfigurationPlatforms) = postSolution
		{6CC63AAB-D02A-417C-A530-FAFB8C7503A8}.Debug|Any CPU.ActiveCfg = Debug|Any CPU
		{6CC63AAB-D02A-417C-A530-FAFB8C7503A8}.Debug|Any CPU.Build.0 = Debug|Any CPU
		{6CC63AAB-D02A-417C-A530-FAFB8C7503A8}.Release|Any CPU.ActiveCfg = Release|Any CPU
		{6CC63AAB-D02A-417C-A530-FAFB8C7503A8}.Release|Any CPU.Build.0 = Release|Any CPU
	EndGlobalSection
	GlobalSection(SolutionProperties) = preSolution
		HideSolutionNode = FALSE
	EndGlobalSection
	GlobalSection(ExtensibilityGlobals) = postSolution
		SolutionGuid = {81D74B29-FA43-40B2-8DA5-CBA658528067}
	EndGlobalSection
EndGlobal
