
Microsoft Visual Studio Solution File, Format Version 12.00
# Visual Studio Version 17
VisualStudioVersion = 17.13.35919.96 d17.13
MinimumVisualStudioVersion = 10.0.40219.1
Project("{FAE04EC0-301F-11D3-BF4B-00C04F79EFBC}") = "AdapterEj", "AdapterEj\AdapterEj.csproj", "{1DF42A6D-A6E4-4437-AF96-9EB6A2D81B01}"
EndProject
Global
	GlobalSection(SolutionConfigurationPlatforms) = preSolution
		Debug|Any CPU = Debug|Any CPU
		Release|Any CPU = Release|Any CPU
	EndGlobalSection
	GlobalSection(ProjectConfigurationPlatforms) = postSolution
		{1DF42A6D-A6E4-4437-AF96-9EB6A2D81B01}.Debug|Any CPU.ActiveCfg = Debug|Any CPU
		{1DF42A6D-A6E4-4437-AF96-9EB6A2D81B01}.Debug|Any CPU.Build.0 = Debug|Any CPU
		{1DF42A6D-A6E4-4437-AF96-9EB6A2D81B01}.Release|Any CPU.ActiveCfg = Release|Any CPU
		{1DF42A6D-A6E4-4437-AF96-9EB6A2D81B01}.Release|Any CPU.Build.0 = Release|Any CPU
	EndGlobalSection
	GlobalSection(SolutionProperties) = preSolution
		HideSolutionNode = FALSE
	EndGlobalSection
	GlobalSection(ExtensibilityGlobals) = postSolution
		SolutionGuid = {10E98B64-3321-434D-9850-DA5BF19B74D2}
	EndGlobalSection
EndGlobal
